
Microsoft Visual Studio Solution File, Format Version 12.00
# Visual Studio Version 17
VisualStudioVersion = 17.9.34310.174
MinimumVisualStudioVersion = 10.0.40219.1
Project("{FAE04EC0-301F-11D3-BF4B-00C04F79EFBC}") = "Streaming", "Streaming\Streaming.csproj", "{BCC15283-E8BA-465C-99B2-9E1A8E2485CD}"
EndProject
Global
	GlobalSection(SolutionConfigurationPlatforms) = preSolution
		Debug|Any CPU = Debug|Any CPU
		Release|Any CPU = Release|Any CPU
	EndGlobalSection
	GlobalSection(ProjectConfigurationPlatforms) = postSolution
		{BCC15283-E8BA-465C-99B2-9E1A8E2485CD}.Debug|Any CPU.ActiveCfg = Debug|Any CPU
		{BCC15283-E8BA-465C-99B2-9E1A8E2485CD}.Debug|Any CPU.Build.0 = Debug|Any CPU
		{BCC15283-E8BA-465C-99B2-9E1A8E2485CD}.Release|Any CPU.ActiveCfg = Release|Any CPU
		{BCC15283-E8BA-465C-99B2-9E1A8E2485CD}.Release|Any CPU.Build.0 = Release|Any CPU
	EndGlobalSection
	GlobalSection(SolutionProperties) = preSolution
		HideSolutionNode = FALSE
	EndGlobalSection
	GlobalSection(ExtensibilityGlobals) = postSolution
		SolutionGuid = {50C8E0EC-9200-4672-B27F-F9B23BB97C24}
	EndGlobalSection
EndGlobal
